
Microsoft Visual Studio Solution File, Format Version 12.00
# Visual Studio Version 16
VisualStudioVersion = 16.0.29519.87
MinimumVisualStudioVersion = 10.0.40219.1
Project("{FAE04EC0-301F-11D3-BF4B-00C04F79EFBC}") = "SqlDataBase", "SqlDataBase\SqlDataBase.csproj", "{AF799429-C52A-4EFB-8693-DDDE72785226}"
EndProject
Project("{54435603-DBB4-11D2-8724-00A0C9A8B90C}") = "Setup", "Setup\Setup.vdproj", "{8600D717-A4FC-420B-940F-7D8728F4D953}"
EndProject
Global
	GlobalSection(SolutionConfigurationPlatforms) = preSolution
		Debug|Any CPU = Debug|Any CPU
		Release|Any CPU = Release|Any CPU
	EndGlobalSection
	GlobalSection(ProjectConfigurationPlatforms) = postSolution
		{AF799429-C52A-4EFB-8693-DDDE72785226}.Debug|Any CPU.ActiveCfg = Debug|Any CPU
		{AF799429-C52A-4EFB-8693-DDDE72785226}.Debug|Any CPU.Build.0 = Debug|Any CPU
		{AF799429-C52A-4EFB-8693-DDDE72785226}.Release|Any CPU.ActiveCfg = Release|Any CPU
		{AF799429-C52A-4EFB-8693-DDDE72785226}.Release|Any CPU.Build.0 = Release|Any CPU
		{8600D717-A4FC-420B-940F-7D8728F4D953}.Debug|Any CPU.ActiveCfg = Debug
		{8600D717-A4FC-420B-940F-7D8728F4D953}.Release|Any CPU.ActiveCfg = Release
	EndGlobalSection
	GlobalSection(SolutionProperties) = preSolution
		HideSolutionNode = FALSE
	EndGlobalSection
	GlobalSection(ExtensibilityGlobals) = postSolution
		SolutionGuid = {D41C9359-5CCF-4699-8A50-AF82B3E6C0A1}
	EndGlobalSection
EndGlobal
